
Microsoft Visual Studio Solution File, Format Version 12.00
# Visual Studio Version 17
VisualStudioVersion = 17.6.33927.249
MinimumVisualStudioVersion = 10.0.40219.1
Project("{FAE04EC0-301F-11D3-BF4B-00C04F79EFBC}") = "VSATemplate", "VSATemplate\VSATemplate.csproj", "{B49D2571-D270-4A92-8726-39F9EBEF209C}"
EndProject
Global
	GlobalSection(SolutionConfigurationPlatforms) = preSolution
		Debug|Any CPU = Debug|Any CPU
		Release|Any CPU = Release|Any CPU
	EndGlobalSection
	GlobalSection(ProjectConfigurationPlatforms) = postSolution
		{B49D2571-D270-4A92-8726-39F9EBEF209C}.Debug|Any CPU.ActiveCfg = Debug|Any CPU
		{B49D2571-D270-4A92-8726-39F9EBEF209C}.Debug|Any CPU.Build.0 = Debug|Any CPU
		{B49D2571-D270-4A92-8726-39F9EBEF209C}.Release|Any CPU.ActiveCfg = Release|Any CPU
		{B49D2571-D270-4A92-8726-39F9EBEF209C}.Release|Any CPU.Build.0 = Release|Any CPU
	EndGlobalSection
	GlobalSection(SolutionProperties) = preSolution
		HideSolutionNode = FALSE
	EndGlobalSection
	GlobalSection(ExtensibilityGlobals) = postSolution
		SolutionGuid = {5ED7B1F8-B57C-42EB-A7EB-7800CB1180C3}
	EndGlobalSection
EndGlobal
